
Microsoft Visual Studio Solution File, Format Version 12.00
# Visual Studio Version 17
VisualStudioVersion = 17.9.34622.214
MinimumVisualStudioVersion = 10.0.40219.1
Project("{9A19103F-16F7-4668-BE54-9A1E7A4F7556}") = "Adalio", "Adalio\Adalio\Adalio.csproj", "{249EC4A7-C1E1-42A0-B987-A9615AC4FA59}"
EndProject
Project("{9A19103F-16F7-4668-BE54-9A1E7A4F7556}") = "Adalio.Client", "Adalio\Adalio.Client\Adalio.Client.csproj", "{180600D4-19A3-44BF-9EF9-BB145C47F59B}"
EndProject
Project("{9A19103F-16F7-4668-BE54-9A1E7A4F7556}") = "Adalio.Domain", "Adalio.Domain\Adalio.Domain.csproj", "{8B7B0F20-DE90-4B02-861A-9BF79A03CAD2}"
EndProject
Global
	GlobalSection(SolutionConfigurationPlatforms) = preSolution
		Debug|Any CPU = Debug|Any CPU
		Release|Any CPU = Release|Any CPU
	EndGlobalSection
	GlobalSection(ProjectConfigurationPlatforms) = postSolution
		{249EC4A7-C1E1-42A0-B987-A9615AC4FA59}.Debug|Any CPU.ActiveCfg = Debug|Any CPU
		{249EC4A7-C1E1-42A0-B987-A9615AC4FA59}.Debug|Any CPU.Build.0 = Debug|Any CPU
		{249EC4A7-C1E1-42A0-B987-A9615AC4FA59}.Release|Any CPU.ActiveCfg = Release|Any CPU
		{249EC4A7-C1E1-42A0-B987-A9615AC4FA59}.Release|Any CPU.Build.0 = Release|Any CPU
		{180600D4-19A3-44BF-9EF9-BB145C47F59B}.Debug|Any CPU.ActiveCfg = Debug|Any CPU
		{180600D4-19A3-44BF-9EF9-BB145C47F59B}.Debug|Any CPU.Build.0 = Debug|Any CPU
		{180600D4-19A3-44BF-9EF9-BB145C47F59B}.Release|Any CPU.ActiveCfg = Release|Any CPU
		{180600D4-19A3-44BF-9EF9-BB145C47F59B}.Release|Any CPU.Build.0 = Release|Any CPU
		{8B7B0F20-DE90-4B02-861A-9BF79A03CAD2}.Debug|Any CPU.ActiveCfg = Debug|Any CPU
		{8B7B0F20-DE90-4B02-861A-9BF79A03CAD2}.Debug|Any CPU.Build.0 = Debug|Any CPU
		{8B7B0F20-DE90-4B02-861A-9BF79A03CAD2}.Release|Any CPU.ActiveCfg = Release|Any CPU
		{8B7B0F20-DE90-4B02-861A-9BF79A03CAD2}.Release|Any CPU.Build.0 = Release|Any CPU
	EndGlobalSection
	GlobalSection(SolutionProperties) = preSolution
		HideSolutionNode = FALSE
	EndGlobalSection
	GlobalSection(ExtensibilityGlobals) = postSolution
		SolutionGuid = {ED63CBA8-15A8-43FA-8281-8ED75923FB1E}
	EndGlobalSection
EndGlobal
